
Microsoft Visual Studio Solution File, Format Version 12.00
# Visual Studio Version 17
VisualStudioVersion = 17.0.31903.59
MinimumVisualStudioVersion = 10.0.40219.1
Project("{9A19103F-16F7-4668-BE54-9A1E7A4F7556}") = "OrderApplication", "OrderApplication\OrderApplication.csproj", "{30ABB541-DA89-42F9-B15F-D8A6DFE0C47D}"
EndProject
Project("{9A19103F-16F7-4668-BE54-9A1E7A4F7556}") = "OrderApplication.Entities", "OrderApplication.Entities\OrderApplication.Entities.csproj", "{2788973C-7127-4D69-8A5A-7FCADD60C38B}"
EndProject
Project("{9A19103F-16F7-4668-BE54-9A1E7A4F7556}") = "OrderApplication.Data", "OrderApplication.Data\OrderApplication.Data.csproj", "{E8F9C7DD-978C-4EB1-8F04-4203C76BA3BC}"
EndProject
Project("{FAE04EC0-301F-11D3-BF4B-00C04F79EFBC}") = "OrderApplicationMVC.SharedTools", "OrderApplicationMVC.SharedTools\OrderApplicationMVC.SharedTools.csproj", "{6AA0B6A5-1985-430E-BCAE-26DAE2CC21EC}"
EndProject
Global
	GlobalSection(SolutionConfigurationPlatforms) = preSolution
		Debug|Any CPU = Debug|Any CPU
		Release|Any CPU = Release|Any CPU
	EndGlobalSection
	GlobalSection(ProjectConfigurationPlatforms) = postSolution
		{30ABB541-DA89-42F9-B15F-D8A6DFE0C47D}.Debug|Any CPU.ActiveCfg = Debug|Any CPU
		{30ABB541-DA89-42F9-B15F-D8A6DFE0C47D}.Debug|Any CPU.Build.0 = Debug|Any CPU
		{30ABB541-DA89-42F9-B15F-D8A6DFE0C47D}.Release|Any CPU.ActiveCfg = Release|Any CPU
		{30ABB541-DA89-42F9-B15F-D8A6DFE0C47D}.Release|Any CPU.Build.0 = Release|Any CPU
		{2788973C-7127-4D69-8A5A-7FCADD60C38B}.Debug|Any CPU.ActiveCfg = Debug|Any CPU
		{2788973C-7127-4D69-8A5A-7FCADD60C38B}.Debug|Any CPU.Build.0 = Debug|Any CPU
		{2788973C-7127-4D69-8A5A-7FCADD60C38B}.Release|Any CPU.ActiveCfg = Release|Any CPU
		{2788973C-7127-4D69-8A5A-7FCADD60C38B}.Release|Any CPU.Build.0 = Release|Any CPU
		{E8F9C7DD-978C-4EB1-8F04-4203C76BA3BC}.Debug|Any CPU.ActiveCfg = Debug|Any CPU
		{E8F9C7DD-978C-4EB1-8F04-4203C76BA3BC}.Debug|Any CPU.Build.0 = Debug|Any CPU
		{E8F9C7DD-978C-4EB1-8F04-4203C76BA3BC}.Release|Any CPU.ActiveCfg = Release|Any CPU
		{E8F9C7DD-978C-4EB1-8F04-4203C76BA3BC}.Release|Any CPU.Build.0 = Release|Any CPU
		{6AA0B6A5-1985-430E-BCAE-26DAE2CC21EC}.Debug|Any CPU.ActiveCfg = Debug|Any CPU
		{6AA0B6A5-1985-430E-BCAE-26DAE2CC21EC}.Debug|Any CPU.Build.0 = Debug|Any CPU
		{6AA0B6A5-1985-430E-BCAE-26DAE2CC21EC}.Release|Any CPU.ActiveCfg = Release|Any CPU
		{6AA0B6A5-1985-430E-BCAE-26DAE2CC21EC}.Release|Any CPU.Build.0 = Release|Any CPU
	EndGlobalSection
	GlobalSection(SolutionProperties) = preSolution
		HideSolutionNode = FALSE
	EndGlobalSection
	GlobalSection(ExtensibilityGlobals) = postSolution
		SolutionGuid = {B6E34CED-8809-486F-AFFC-7C5675D2D44D}
	EndGlobalSection
EndGlobal
